
Microsoft Visual Studio Solution File, Format Version 12.00
# Visual Studio Version 17
VisualStudioVersion = 17.10.34928.147
MinimumVisualStudioVersion = 10.0.40219.1
Project("{FAE04EC0-301F-11D3-BF4B-00C04F79EFBC}") = "UI", "PatronDecorator\UI.csproj", "{7F151283-F44B-4B50-92F9-95539CB974BE}"
EndProject
Project("{FAE04EC0-301F-11D3-BF4B-00C04F79EFBC}") = "DAO", "DAO\DAO.csproj", "{365A3562-EDC6-4182-8222-21E939E4FE8C}"
EndProject
Project("{FAE04EC0-301F-11D3-BF4B-00C04F79EFBC}") = "BLL", "BLL\BLL.csproj", "{740995BA-35F6-4DB8-B728-5B741AE1910E}"
EndProject
Project("{FAE04EC0-301F-11D3-BF4B-00C04F79EFBC}") = "Domain", "Domain\Domain.csproj", "{0DDA0409-3162-4EF5-9DA9-5A5142FA8710}"
EndProject
Global
	GlobalSection(SolutionConfigurationPlatforms) = preSolution
		Debug|Any CPU = Debug|Any CPU
		Release|Any CPU = Release|Any CPU
	EndGlobalSection
	GlobalSection(ProjectConfigurationPlatforms) = postSolution
		{7F151283-F44B-4B50-92F9-95539CB974BE}.Debug|Any CPU.ActiveCfg = Debug|Any CPU
		{7F151283-F44B-4B50-92F9-95539CB974BE}.Debug|Any CPU.Build.0 = Debug|Any CPU
		{7F151283-F44B-4B50-92F9-95539CB974BE}.Release|Any CPU.ActiveCfg = Release|Any CPU
		{7F151283-F44B-4B50-92F9-95539CB974BE}.Release|Any CPU.Build.0 = Release|Any CPU
		{365A3562-EDC6-4182-8222-21E939E4FE8C}.Debug|Any CPU.ActiveCfg = Debug|Any CPU
		{365A3562-EDC6-4182-8222-21E939E4FE8C}.Debug|Any CPU.Build.0 = Debug|Any CPU
		{365A3562-EDC6-4182-8222-21E939E4FE8C}.Release|Any CPU.ActiveCfg = Release|Any CPU
		{365A3562-EDC6-4182-8222-21E939E4FE8C}.Release|Any CPU.Build.0 = Release|Any CPU
		{740995BA-35F6-4DB8-B728-5B741AE1910E}.Debug|Any CPU.ActiveCfg = Debug|Any CPU
		{740995BA-35F6-4DB8-B728-5B741AE1910E}.Debug|Any CPU.Build.0 = Debug|Any CPU
		{740995BA-35F6-4DB8-B728-5B741AE1910E}.Release|Any CPU.ActiveCfg = Release|Any CPU
		{740995BA-35F6-4DB8-B728-5B741AE1910E}.Release|Any CPU.Build.0 = Release|Any CPU
		{0DDA0409-3162-4EF5-9DA9-5A5142FA8710}.Debug|Any CPU.ActiveCfg = Debug|Any CPU
		{0DDA0409-3162-4EF5-9DA9-5A5142FA8710}.Debug|Any CPU.Build.0 = Debug|Any CPU
		{0DDA0409-3162-4EF5-9DA9-5A5142FA8710}.Release|Any CPU.ActiveCfg = Release|Any CPU
		{0DDA0409-3162-4EF5-9DA9-5A5142FA8710}.Release|Any CPU.Build.0 = Release|Any CPU
	EndGlobalSection
	GlobalSection(SolutionProperties) = preSolution
		HideSolutionNode = FALSE
	EndGlobalSection
	GlobalSection(ExtensibilityGlobals) = postSolution
		SolutionGuid = {9CB3B508-92BA-4FE4-9350-544BD54AB0F3}
	EndGlobalSection
EndGlobal
